
Microsoft Visual Studio Solution File, Format Version 12.00
# Visual Studio Version 16
VisualStudioVersion = 16.0.28803.352
MinimumVisualStudioVersion = 10.0.40219.1
Project("{9A19103F-16F7-4668-BE54-9A1E7A4F7556}") = "FileUploadAndValidation", "FileUploadAndValidation\FileUploadAndValidation.csproj", "{C5035988-249E-40C4-B9DC-BB246950F9CE}"
EndProject
Project("{9A19103F-16F7-4668-BE54-9A1E7A4F7556}") = "FilleUploadCore", "FilleUploadCore\FilleUploadCore.csproj", "{EF8A9950-EB31-4318-ABFF-2FC7FCC49D95}"
EndProject
Project("{9A19103F-16F7-4668-BE54-9A1E7A4F7556}") = "FileUploadApi", "FileUploadApi\FileUploadApi.csproj", "{13F5398A-929C-4FE3-AC4F-F83AAC017C92}"
EndProject
Project("{9A19103F-16F7-4668-BE54-9A1E7A4F7556}") = "UnitTests", "UnitTests\UnitTests.csproj", "{5EF67129-055E-4B23-AEF9-98BAA9161469}"
EndProject
Global
	GlobalSection(SolutionConfigurationPlatforms) = preSolution
		Debug|Any CPU = Debug|Any CPU
		Release|Any CPU = Release|Any CPU
	EndGlobalSection
	GlobalSection(ProjectConfigurationPlatforms) = postSolution
		{C5035988-249E-40C4-B9DC-BB246950F9CE}.Debug|Any CPU.ActiveCfg = Debug|Any CPU
		{C5035988-249E-40C4-B9DC-BB246950F9CE}.Debug|Any CPU.Build.0 = Debug|Any CPU
		{C5035988-249E-40C4-B9DC-BB246950F9CE}.Release|Any CPU.ActiveCfg = Release|Any CPU
		{C5035988-249E-40C4-B9DC-BB246950F9CE}.Release|Any CPU.Build.0 = Release|Any CPU
		{EF8A9950-EB31-4318-ABFF-2FC7FCC49D95}.Debug|Any CPU.ActiveCfg = Debug|Any CPU
		{EF8A9950-EB31-4318-ABFF-2FC7FCC49D95}.Debug|Any CPU.Build.0 = Debug|Any CPU
		{EF8A9950-EB31-4318-ABFF-2FC7FCC49D95}.Release|Any CPU.ActiveCfg = Release|Any CPU
		{EF8A9950-EB31-4318-ABFF-2FC7FCC49D95}.Release|Any CPU.Build.0 = Release|Any CPU
		{13F5398A-929C-4FE3-AC4F-F83AAC017C92}.Debug|Any CPU.ActiveCfg = Debug|Any CPU
		{13F5398A-929C-4FE3-AC4F-F83AAC017C92}.Debug|Any CPU.Build.0 = Debug|Any CPU
		{13F5398A-929C-4FE3-AC4F-F83AAC017C92}.Release|Any CPU.ActiveCfg = Release|Any CPU
		{13F5398A-929C-4FE3-AC4F-F83AAC017C92}.Release|Any CPU.Build.0 = Release|Any CPU
		{5EF67129-055E-4B23-AEF9-98BAA9161469}.Debug|Any CPU.ActiveCfg = Debug|Any CPU
		{5EF67129-055E-4B23-AEF9-98BAA9161469}.Debug|Any CPU.Build.0 = Debug|Any CPU
		{5EF67129-055E-4B23-AEF9-98BAA9161469}.Release|Any CPU.ActiveCfg = Release|Any CPU
		{5EF67129-055E-4B23-AEF9-98BAA9161469}.Release|Any CPU.Build.0 = Release|Any CPU
	EndGlobalSection
	GlobalSection(SolutionProperties) = preSolution
		HideSolutionNode = FALSE
	EndGlobalSection
	GlobalSection(ExtensibilityGlobals) = postSolution
		SolutionGuid = {A968E825-FFEF-430B-BDF2-26FE9BD2C4B9}
	EndGlobalSection
EndGlobal
